
Microsoft Visual Studio Solution File, Format Version 12.00
# Visual Studio Version 17
VisualStudioVersion = 17.14.36408.4 d17.14
MinimumVisualStudioVersion = 10.0.40219.1
Project("{FAE04EC0-301F-11D3-BF4B-00C04F79EFBC}") = "Th14_11p2", "Th14_11p2\Th14_11p2.csproj", "{71A01F3F-22C8-4157-9799-B05FB90DA347}"
EndProject
Global
	GlobalSection(SolutionConfigurationPlatforms) = preSolution
		Debug|Any CPU = Debug|Any CPU
		Release|Any CPU = Release|Any CPU
	EndGlobalSection
	GlobalSection(ProjectConfigurationPlatforms) = postSolution
		{71A01F3F-22C8-4157-9799-B05FB90DA347}.Debug|Any CPU.ActiveCfg = Debug|Any CPU
		{71A01F3F-22C8-4157-9799-B05FB90DA347}.Debug|Any CPU.Build.0 = Debug|Any CPU
		{71A01F3F-22C8-4157-9799-B05FB90DA347}.Release|Any CPU.ActiveCfg = Release|Any CPU
		{71A01F3F-22C8-4157-9799-B05FB90DA347}.Release|Any CPU.Build.0 = Release|Any CPU
	EndGlobalSection
	GlobalSection(SolutionProperties) = preSolution
		HideSolutionNode = FALSE
	EndGlobalSection
	GlobalSection(ExtensibilityGlobals) = postSolution
		SolutionGuid = {BECAC251-2F41-4D9A-8D53-45D769D62399}
	EndGlobalSection
EndGlobal
